
Microsoft Visual Studio Solution File, Format Version 12.00
# Visual Studio Version 16
VisualStudioVersion = 16.0.30503.244
MinimumVisualStudioVersion = 10.0.40219.1
Project("{FAE04EC0-301F-11D3-BF4B-00C04F79EFBC}") = "Vatromet", "Vatromet\Vatromet.csproj", "{638E7351-CA66-427F-A240-3F91D03D8F43}"
EndProject
Global
	GlobalSection(SolutionConfigurationPlatforms) = preSolution
		Debug|Any CPU = Debug|Any CPU
		Release|Any CPU = Release|Any CPU
	EndGlobalSection
	GlobalSection(ProjectConfigurationPlatforms) = postSolution
		{638E7351-CA66-427F-A240-3F91D03D8F43}.Debug|Any CPU.ActiveCfg = Debug|Any CPU
		{638E7351-CA66-427F-A240-3F91D03D8F43}.Debug|Any CPU.Build.0 = Debug|Any CPU
		{638E7351-CA66-427F-A240-3F91D03D8F43}.Release|Any CPU.ActiveCfg = Release|Any CPU
		{638E7351-CA66-427F-A240-3F91D03D8F43}.Release|Any CPU.Build.0 = Release|Any CPU
	EndGlobalSection
	GlobalSection(SolutionProperties) = preSolution
		HideSolutionNode = FALSE
	EndGlobalSection
	GlobalSection(ExtensibilityGlobals) = postSolution
		SolutionGuid = {BCDB53D9-323F-4401-95AD-541BED3EFC77}
	EndGlobalSection
EndGlobal
